
Microsoft Visual Studio Solution File, Format Version 12.00
# Visual Studio Version 17
VisualStudioVersion = 17.5.002.0
MinimumVisualStudioVersion = 10.0.40219.1
Project("{9A19103F-16F7-4668-BE54-9A1E7A4F7556}") = "code challenge", "code challenge.csproj", "{E99EEA85-5C3E-4B42-BD73-FB9C3A29A37F}"
EndProject
Global
	GlobalSection(SolutionConfigurationPlatforms) = preSolution
		Debug|Any CPU = Debug|Any CPU
		Release|Any CPU = Release|Any CPU
	EndGlobalSection
	GlobalSection(ProjectConfigurationPlatforms) = postSolution
		{E99EEA85-5C3E-4B42-BD73-FB9C3A29A37F}.Debug|Any CPU.ActiveCfg = Debug|Any CPU
		{E99EEA85-5C3E-4B42-BD73-FB9C3A29A37F}.Debug|Any CPU.Build.0 = Debug|Any CPU
		{E99EEA85-5C3E-4B42-BD73-FB9C3A29A37F}.Release|Any CPU.ActiveCfg = Release|Any CPU
		{E99EEA85-5C3E-4B42-BD73-FB9C3A29A37F}.Release|Any CPU.Build.0 = Release|Any CPU
	EndGlobalSection
	GlobalSection(SolutionProperties) = preSolution
		HideSolutionNode = FALSE
	EndGlobalSection
	GlobalSection(ExtensibilityGlobals) = postSolution
		SolutionGuid = {E1BDBDE2-0A1C-4A4E-B6C3-6CDDF44AFC91}
	EndGlobalSection
EndGlobal
